// !$*UTF8*$!
{
	archiveVersion = 1;
	classes = {
	};
	objectVersion = 46;
	objects = {

/* Begin PBXBuildFile section */
		49D49E622228675AEBAC9790 /* Pods_PWHealthCat.framework in Frameworks */ = {isa = PBXBuildFile; fileRef = 81C19B30BCAAF34A42F51E39 /* Pods_PWHealthCat.framework */; };
		609B995E1D6C4B2100659E1A /* AppDelegate.swift in Sources */ = {isa = PBXBuildFile; fileRef = 609B995D1D6C4B2100659E1A /* AppDelegate.swift */; };
		609B99601D6C4B2100659E1A /* ViewController.swift in Sources */ = {isa = PBXBuildFile; fileRef = 609B995F1D6C4B2100659E1A /* ViewController.swift */; };
		609B99631D6C4B2100659E1A /* Main.storyboard in Resources */ = {isa = PBXBuildFile; fileRef = 609B99611D6C4B2100659E1A /* Main.storyboard */; };
		609B99651D6C4B2100659E1A /* Assets.xcassets in Resources */ = {isa = PBXBuildFile; fileRef = 609B99641D6C4B2100659E1A /* Assets.xcassets */; };
		609B99681D6C4B2100659E1A /* LaunchScreen.storyboard in Resources */ = {isa = PBXBuildFile; fileRef = 609B99661D6C4B2100659E1A /* LaunchScreen.storyboard */; };
		609B99731D6C4B2100659E1A /* PWHealthCatTests.swift in Sources */ = {isa = PBXBuildFile; fileRef = 609B99721D6C4B2100659E1A /* PWHealthCatTests.swift */; };
		609B997E1D6C4B2100659E1A /* PWHealthCatUITests.swift in Sources */ = {isa = PBXBuildFile; fileRef = 609B997D1D6C4B2100659E1A /* PWHealthCatUITests.swift */; };
/* End PBXBuildFile section */

/* Begin PBXContainerItemProxy section */
		609B996F1D6C4B2100659E1A /* PBXContainerItemProxy */ = {
			isa = PBXContainerItemProxy;
			containerPortal = 609B99521D6C4B2000659E1A /* Project object */;
			proxyType = 1;
			remoteGlobalIDString = 609B99591D6C4B2100659E1A;
			remoteInfo = PWHealthCat;
		};
		609B997A1D6C4B2100659E1A /* PBXContainerItemProxy */ = {
			isa = PBXContainerItemProxy;
			containerPortal = 609B99521D6C4B2000659E1A /* Project object */;
			proxyType = 1;
			remoteGlobalIDString = 609B99591D6C4B2100659E1A;
			remoteInfo = PWHealthCat;
		};
/* End PBXContainerItemProxy section */

/* Begin PBXFileReference section */
		409544594500AB4CEDF581FD /* Pods-PWHealthCat.debug.xcconfig */ = {isa = PBXFileReference; includeInIndex = 1; lastKnownFileType = text.xcconfig; name = "Pods-PWHealthCat.debug.xcconfig"; path = "Pods/Target Support Files/Pods-PWHealthCat/Pods-PWHealthCat.debug.xcconfig"; sourceTree = "<group>"; };
		609B995A1D6C4B2100659E1A /* PWHealthCat.app */ = {isa = PBXFileReference; explicitFileType = wrapper.application; includeInIndex = 0; path = PWHealthCat.app; sourceTree = BUILT_PRODUCTS_DIR; };
		609B995D1D6C4B2100659E1A /* AppDelegate.swift */ = {isa = PBXFileReference; lastKnownFileType = sourcecode.swift; path = AppDelegate.swift; sourceTree = "<group>"; };
		609B995F1D6C4B2100659E1A /* ViewController.swift */ = {isa = PBXFileReference; lastKnownFileType = sourcecode.swift; path = ViewController.swift; sourceTree = "<group>"; };
		609B99621D6C4B2100659E1A /* Base */ = {isa = PBXFileReference; lastKnownFileType = file.storyboard; name = Base; path = Base.lproj/Main.storyboard; sourceTree = "<group>"; };
		609B99641D6C4B2100659E1A /* Assets.xcassets */ = {isa = PBXFileReference; lastKnownFileType = folder.assetcatalog; path = Assets.xcassets; sourceTree = "<group>"; };
		609B99671D6C4B2100659E1A /* Base */ = {isa = PBXFileReference; lastKnownFileType = file.storyboard; name = Base; path = Base.lproj/LaunchScreen.storyboard; sourceTree = "<group>"; };
		609B99691D6C4B2100659E1A /* Info.plist */ = {isa = PBXFileReference; lastKnownFileType = text.plist.xml; path = Info.plist; sourceTree = "<group>"; };
		609B996E1D6C4B2100659E1A /* PWHealthCatTests.xctest */ = {isa = PBXFileReference; explicitFileType = wrapper.cfbundle; includeInIndex = 0; path = PWHealthCatTests.xctest; sourceTree = BUILT_PRODUCTS_DIR; };
		609B99721D6C4B2100659E1A /* PWHealthCatTests.swift */ = {isa = PBXFileReference; lastKnownFileType = sourcecode.swift; path = PWHealthCatTests.swift; sourceTree = "<group>"; };
		609B99741D6C4B2100659E1A /* Info.plist */ = {isa = PBXFileReference; lastKnownFileType = text.plist.xml; path = Info.plist; sourceTree = "<group>"; };
		609B99791D6C4B2100659E1A /* PWHealthCatUITests.xctest */ = {isa = PBXFileReference; explicitFileType = wrapper.cfbundle; includeInIndex = 0; path = PWHealthCatUITests.xctest; sourceTree = BUILT_PRODUCTS_DIR; };
		609B997D1D6C4B2100659E1A /* PWHealthCatUITests.swift */ = {isa = PBXFileReference; lastKnownFileType = sourcecode.swift; path = PWHealthCatUITests.swift; sourceTree = "<group>"; };
		609B997F1D6C4B2100659E1A /* Info.plist */ = {isa = PBXFileReference; lastKnownFileType = text.plist.xml; path = Info.plist; sourceTree = "<group>"; };
		81C19B30BCAAF34A42F51E39 /* Pods_PWHealthCat.framework */ = {isa = PBXFileReference; explicitFileType = wrapper.framework; includeInIndex = 0; path = Pods_PWHealthCat.framework; sourceTree = BUILT_PRODUCTS_DIR; };
		C50C32463EBC6DAB66F18E67 /* Pods-PWHealthCat.release.xcconfig */ = {isa = PBXFileReference; includeInIndex = 1; lastKnownFileType = text.xcconfig; name = "Pods-PWHealthCat.release.xcconfig"; path = "Pods/Target Support Files/Pods-PWHealthCat/Pods-PWHealthCat.release.xcconfig"; sourceTree = "<group>"; };
/* End PBXFileReference section */

/* Begin PBXFrameworksBuildPhase section */
		609B99571D6C4B2100659E1A /* Frameworks */ = {
			isa = PBXFrameworksBuildPhase;
			buildActionMask = 2147483647;
			files = (
				49D49E622228675AEBAC9790 /* Pods_PWHealthCat.framework in Frameworks */,
			);
			runOnlyForDeploymentPostprocessing = 0;
		};
		609B996B1D6C4B2100659E1A /* Frameworks */ = {
			isa = PBXFrameworksBuildPhase;
			buildActionMask = 2147483647;
			files = (
			);
			runOnlyForDeploymentPostprocessing = 0;
		};
		609B99761D6C4B2100659E1A /* Frameworks */ = {
			isa = PBXFrameworksBuildPhase;
			buildActionMask = 2147483647;
			files = (
			);
			runOnlyForDeploymentPostprocessing = 0;
		};
/* End PBXFrameworksBuildPhase section */

/* Begin PBXGroup section */
		609B99511D6C4B2000659E1A = {
			isa = PBXGroup;
			children = (
				609B995C1D6C4B2100659E1A /* PWHealthCat */,
				609B99711D6C4B2100659E1A /* PWHealthCatTests */,
				609B997C1D6C4B2100659E1A /* PWHealthCatUITests */,
				609B995B1D6C4B2100659E1A /* Products */,
				A40088C4C0E263EC76DC0826 /* Pods */,
				9D7F3DB2364FE0C1A6333815 /* Frameworks */,
			);
			sourceTree = "<group>";
		};
		609B995B1D6C4B2100659E1A /* Products */ = {
			isa = PBXGroup;
			children = (
				609B995A1D6C4B2100659E1A /* PWHealthCat.app */,
				609B996E1D6C4B2100659E1A /* PWHealthCatTests.xctest */,
				609B99791D6C4B2100659E1A /* PWHealthCatUITests.xctest */,
			);
			name = Products;
			sourceTree = "<group>";
		};
		609B995C1D6C4B2100659E1A /* PWHealthCat */ = {
			isa = PBXGroup;
			children = (
				609B995D1D6C4B2100659E1A /* AppDelegate.swift */,
				609B995F1D6C4B2100659E1A /* ViewController.swift */,
				609B99611D6C4B2100659E1A /* Main.storyboard */,
				609B99641D6C4B2100659E1A /* Assets.xcassets */,
				609B99661D6C4B2100659E1A /* LaunchScreen.storyboard */,
				609B99691D6C4B2100659E1A /* Info.plist */,
			);
			path = PWHealthCat;
			sourceTree = "<group>";
		};
		609B99711D6C4B2100659E1A /* PWHealthCatTests */ = {
			isa = PBXGroup;
			children = (
				609B99721D6C4B2100659E1A /* PWHealthCatTests.swift */,
				609B99741D6C4B2100659E1A /* Info.plist */,
			);
			path = PWHealthCatTests;
			sourceTree = "<group>";
		};
		609B997C1D6C4B2100659E1A /* PWHealthCatUITests */ = {
			isa = PBXGroup;
			children = (
				609B997D1D6C4B2100659E1A /* PWHealthCatUITests.swift */,
				609B997F1D6C4B2100659E1A /* Info.plist */,
			);
			path = PWHealthCatUITests;
			sourceTree = "<group>";
		};
		9D7F3DB2364FE0C1A6333815 /* Frameworks */ = {
			isa = PBXGroup;
			children = (
				81C19B30BCAAF34A42F51E39 /* Pods_PWHealthCat.framework */,
			);
			name = Frameworks;
			sourceTree = "<group>";
		};
		A40088C4C0E263EC76DC0826 /* Pods */ = {
			isa = PBXGroup;
			children = (
				409544594500AB4CEDF581FD /* Pods-PWHealthCat.debug.xcconfig */,
				C50C32463EBC6DAB66F18E67 /* Pods-PWHealthCat.release.xcconfig */,
			);
			name = Pods;
			sourceTree = "<group>";
		};
/* End PBXGroup section */

/* Begin PBXNativeTarget section */
		609B99591D6C4B2100659E1A /* PWHealthCat */ = {
			isa = PBXNativeTarget;
			buildConfigurationList = 609B99821D6C4B2100659E1A /* Build configuration list for PBXNativeTarget "PWHealthCat" */;
			buildPhases = (
				5E8BCDAE0C9E29F246D4D1D7 /* Check Pods Manifest.lock */,
				609B99561D6C4B2100659E1A /* Sources */,
				609B99571D6C4B2100659E1A /* Frameworks */,
				609B99581D6C4B2100659E1A /* Resources */,
				99B1BEA40E03D7EA548C442F /* Embed Pods Frameworks */,
				8BBAC3412A887B20275B7F1C /* Copy Pods Resources */,
			);
			buildRules = (
			);
			dependencies = (
			);
			name = PWHealthCat;
			productName = PWHealthCat;
			productReference = 609B995A1D6C4B2100659E1A /* PWHealthCat.app */;
			productType = "com.apple.product-type.application";
		};
		609B996D1D6C4B2100659E1A /* PWHealthCatTests */ = {
			isa = PBXNativeTarget;
			buildConfigurationList = 609B99851D6C4B2100659E1A /* Build configuration list for PBXNativeTarget "PWHealthCatTests" */;
			buildPhases = (
				609B996A1D6C4B2100659E1A /* Sources */,
				609B996B1D6C4B2100659E1A /* Frameworks */,
				609B996C1D6C4B2100659E1A /* Resources */,
			);
			buildRules = (
			);
			dependencies = (
				609B99701D6C4B2100659E1A /* PBXTargetDependency */,
			);
			name = PWHealthCatTests;
			productName = PWHealthCatTests;
			productReference = 609B996E1D6C4B2100659E1A /* PWHealthCatTests.xctest */;
			productType = "com.apple.product-type.bundle.unit-test";
		};
		609B99781D6C4B2100659E1A /* PWHealthCatUITests */ = {
			isa = PBXNativeTarget;
			buildConfigurationList = 609B99881D6C4B2100659E1A /* Build configuration list for PBXNativeTarget "PWHealthCatUITests" */;
			buildPhases = (
				609B99751D6C4B2100659E1A /* Sources */,
				609B99761D6C4B2100659E1A /* Frameworks */,
				609B99771D6C4B2100659E1A /* Resources */,
			);
			buildRules = (
			);
			dependencies = (
				609B997B1D6C4B2100659E1A /* PBXTargetDependency */,
			);
			name = PWHealthCatUITests;
			productName = PWHealthCatUITests;
			productReference = 609B99791D6C4B2100659E1A /* PWHealthCatUITests.xctest */;
			productType = "com.apple.product-type.bundle.ui-testing";
		};
/* End PBXNativeTarget section */

/* Begin PBXProject section */
		609B99521D6C4B2000659E1A /* Project object */ = {
			isa = PBXProject;
			attributes = {
				LastSwiftUpdateCheck = 0730;
				LastUpgradeCheck = 0730;
				ORGANIZATIONNAME = "潘威";
				TargetAttributes = {
					609B99591D6C4B2100659E1A = {
						CreatedOnToolsVersion = 7.3.1;
					};
					609B996D1D6C4B2100659E1A = {
						CreatedOnToolsVersion = 7.3.1;
						TestTargetID = 609B99591D6C4B2100659E1A;
					};
					609B99781D6C4B2100659E1A = {
						CreatedOnToolsVersion = 7.3.1;
						TestTargetID = 609B99591D6C4B2100659E1A;
					};
				};
			};
			buildConfigurationList = 609B99551D6C4B2000659E1A /* Build configuration list for PBXProject "PWHealthCat" */;
			compatibilityVersion = "Xcode 3.2";
			developmentRegion = English;
			hasScannedForEncodings = 0;
			knownRegions = (
				en,
				Base,
			);
			mainGroup = 609B99511D6C4B2000659E1A;
			productRefGroup = 609B995B1D6C4B2100659E1A /* Products */;
			projectDirPath = "";
			projectRoot = "";
			targets = (
				609B99591D6C4B2100659E1A /* PWHealthCat */,
				609B996D1D6C4B2100659E1A /* PWHealthCatTests */,
				609B99781D6C4B2100659E1A /* PWHealthCatUITests */,
			);
		};
/* End PBXProject section */

/* Begin PBXResourcesBuildPhase section */
		609B99581D6C4B2100659E1A /* Resources */ = {
			isa = PBXResourcesBuildPhase;
			buildActionMask = 2147483647;
			files = (
				609B99681D6C4B2100659E1A /* LaunchScreen.storyboard in Resources */,
				609B99651D6C4B2100659E1A /* Assets.xcassets in Resources */,
				609B99631D6C4B2100659E1A /* Main.storyboard in Resources */,
			);
			runOnlyForDeploymentPostprocessing = 0;
		};
		609B996C1D6C4B2100659E1A /* Resources */ = {
			isa = PBXResourcesBuildPhase;
			buildActionMask = 2147483647;
			files = (
			);
			runOnlyForDeploymentPostprocessing = 0;
		};
		609B99771D6C4B2100659E1A /* Resources */ = {
			isa = PBXResourcesBuildPhase;
			buildActionMask = 2147483647;
			files = (
			);
			runOnlyForDeploymentPostprocessing = 0;
		};
/* End PBXResourcesBuildPhase section */

/* Begin PBXShellScriptBuildPhase section */
		5E8BCDAE0C9E29F246D4D1D7 /* Check Pods Manifest.lock */ = {
			isa = PBXShellScriptBuildPhase;
			buildActionMask = 2147483647;
			files = (
			);
			inputPaths = (
			);
			name = "Check Pods Manifest.lock";
			outputPaths = (
			);
			runOnlyForDeploymentPostprocessing = 0;
			shellPath = /bin/sh;
			shellScript = "diff \"${PODS_ROOT}/../Podfile.lock\" \"${PODS_ROOT}/Manifest.lock\" > /dev/null\nif [[ $? != 0 ]] ; then\n    cat << EOM\nerror: The sandbox is not in sync with the Podfile.lock. Run 'pod install' or update your CocoaPods installation.\nEOM\n    exit 1\nfi\n";
			showEnvVarsInLog = 0;
		};
		8BBAC3412A887B20275B7F1C /* Copy Pods Resources */ = {
			isa = PBXShellScriptBuildPhase;
			buildActionMask = 2147483647;
			files = (
			);
			inputPaths = (
			);
			name = "Copy Pods Resources";
			outputPaths = (
			);
			runOnlyForDeploymentPostprocessing = 0;
			shellPath = /bin/sh;
			shellScript = "\"${SRCROOT}/Pods/Target Support Files/Pods-PWHealthCat/Pods-PWHealthCat-resources.sh\"\n";
			showEnvVarsInLog = 0;
		};
		99B1BEA40E03D7EA548C442F /* Embed Pods Frameworks */ = {
			isa = PBXShellScriptBuildPhase;
			buildActionMask = 2147483647;
			files = (
			);
			inputPaths = (
			);
			name = "Embed Pods Frameworks";
			outputPaths = (
			);
			runOnlyForDeploymentPostprocessing = 0;
			shellPath = /bin/sh;
			shellScript = "\"${SRCROOT}/Pods/Target Support Files/Pods-PWHealthCat/Pods-PWHealthCat-frameworks.sh\"\n";
			showEnvVarsInLog = 0;
		};
/* End PBXShellScriptBuildPhase section */

/* Begin PBXSourcesBuildPhase section */
		609B99561D6C4B2100659E1A /* Sources */ = {
			isa = PBXSourcesBuildPhase;
			buildActionMask = 2147483647;
			files = (
				609B99601D6C4B2100659E1A /* ViewController.swift in Sources */,
				609B995E1D6C4B2100659E1A /* AppDelegate.swift in Sources */,
			);
			runOnlyForDeploymentPostprocessing = 0;
		};
		609B996A1D6C4B2100659E1A /* Sources */ = {
			isa = PBXSourcesBuildPhase;
			buildActionMask = 2147483647;
			files = (
				609B99731D6C4B2100659E1A /* PWHealthCatTests.swift in Sources */,
			);
			runOnlyForDeploymentPostprocessing = 0;
		};
		609B99751D6C4B2100659E1A /* Sources */ = {
			isa = PBXSourcesBuildPhase;
			buildActionMask = 2147483647;
			files = (
				609B997E1D6C4B2100659E1A /* PWHealthCatUITests.swift in Sources */,
			);
			runOnlyForDeploymentPostprocessing = 0;
		};
/* End PBXSourcesBuildPhase section */

/* Begin PBXTargetDependency section */
		609B99701D6C4B2100659E1A /* PBXTargetDependency */ = {
			isa = PBXTargetDependency;
			target = 609B99591D6C4B2100659E1A /* PWHealthCat */;
			targetProxy = 609B996F1D6C4B2100659E1A /* PBXContainerItemProxy */;
		};
		609B997B1D6C4B2100659E1A /* PBXTargetDependency */ = {
			isa = PBXTargetDependency;
			target = 609B99591D6C4B2100659E1A /* PWHealthCat */;
			targetProxy = 609B997A1D6C4B2100659E1A /* PBXContainerItemProxy */;
		};
/* End PBXTargetDependency section */

/* Begin PBXVariantGroup section */
		609B99611D6C4B2100659E1A /* Main.storyboard */ = {
			isa = PBXVariantGroup;
			children = (
				609B99621D6C4B2100659E1A /* Base */,
			);
			name = Main.storyboard;
			sourceTree = "<group>";
		};
		609B99661D6C4B2100659E1A /* LaunchScreen.storyboard */ = {
			isa = PBXVariantGroup;
			children = (
				609B99671D6C4B2100659E1A /* Base */,
			);
			name = LaunchScreen.storyboard;
			sourceTree = "<group>";
		};
/* End PBXVariantGroup section */

/* Begin XCBuildConfiguration section */
		609B99801D6C4B2100659E1A /* Debug */ = {
			isa = XCBuildConfiguration;
			buildSettings = {
				ALWAYS_SEARCH_USER_PATHS = NO;
				CLANG_ANALYZER_NONNULL = YES;
				CLANG_CXX_LANGUAGE_STANDARD = "gnu++0x";
				CLANG_CXX_LIBRARY = "libc++";
				CLANG_ENABLE_MODULES = YES;
				CLANG_ENABLE_OBJC_ARC = YES;
				CLANG_WARN_BOOL_CONVERSION = YES;
				CLANG_WARN_CONSTANT_CONVERSION = YES;
				CLANG_WARN_DIRECT_OBJC_ISA_USAGE = YES_ERROR;
				CLANG_WARN_EMPTY_BODY = YES;
				CLANG_WARN_ENUM_CONVERSION = YES;
				CLANG_WARN_INT_CONVERSION = YES;
				CLANG_WARN_OBJC_ROOT_CLASS = YES_ERROR;
				CLANG_WARN_UNREACHABLE_CODE = YES;
				CLANG_WARN__DUPLICATE_METHOD_MATCH = YES;
				"CODE_SIGN_IDENTITY[sdk=iphoneos*]" = "iPhone Developer";
				COPY_PHASE_STRIP = NO;
				DEBUG_INFORMATION_FORMAT = dwarf;
				ENABLE_STRICT_OBJC_MSGSEND = YES;
				ENABLE_TESTABILITY = YES;
				GCC_C_LANGUAGE_STANDARD = gnu99;
				GCC_DYNAMIC_NO_PIC = NO;
				GCC_NO_COMMON_BLOCKS = YES;
				GCC_OPTIMIZATION_LEVEL = 0;
				GCC_PREPROCESSOR_DEFINITIONS = (
					"DEBUG=1",
					"$(inherited)",
				);
				GCC_WARN_64_TO_32_BIT_CONVERSION = YES;
				GCC_WARN_ABOUT_RETURN_TYPE = YES_ERROR;
				GCC_WARN_UNDECLARED_SELECTOR = YES;
				GCC_WARN_UNINITIALIZED_AUTOS = YES_AGGRESSIVE;
				GCC_WARN_UNUSED_FUNCTION = YES;
				GCC_WARN_UNUSED_VARIABLE = YES;
				IPHONEOS_DEPLOYMENT_TARGET = 9.3;
				MTL_ENABLE_DEBUG_INFO = YES;
				ONLY_ACTIVE_ARCH = YES;
				SDKROOT = iphoneos;
				SWIFT_OPTIMIZATION_LEVEL = "-Onone";
			};
			name = Debug;
		};
		609B99811D6C4B2100659E1A /* Release */ = {
			isa = XCBuildConfiguration;
			buildSettings = {
				ALWAYS_SEARCH_USER_PATHS = NO;
				CLANG_ANALYZER_NONNULL = YES;
				CLANG_CXX_LANGUAGE_STANDARD = "gnu++0x";
				CLANG_CXX_LIBRARY = "libc++";
				CLANG_ENABLE_MODULES = YES;
				CLANG_ENABLE_OBJC_ARC = YES;
				CLANG_WARN_BOOL_CONVERSION = YES;
				CLANG_WARN_CONSTANT_CONVERSION = YES;
				CLANG_WARN_DIRECT_OBJC_ISA_USAGE = YES_ERROR;
				CLANG_WARN_EMPTY_BODY = YES;
				CLANG_WARN_ENUM_CONVERSION = YES;
				CLANG_WARN_INT_CONVERSION = YES;
				CLANG_WARN_OBJC_ROOT_CLASS = YES_ERROR;
				CLANG_WARN_UNREACHABLE_CODE = YES;
				CLANG_WARN__DUPLICATE_METHOD_MATCH = YES;
				"CODE_SIGN_IDENTITY[sdk=iphoneos*]" = "iPhone Developer";
				COPY_PHASE_STRIP = NO;
				DEBUG_INFORMATION_FORMAT = "dwarf-with-dsym";
				ENABLE_NS_ASSERTIONS = NO;
				ENABLE_STRICT_OBJC_MSGSEND = YES;
				GCC_C_LANGUAGE_STANDARD = gnu99;
				GCC_NO_COMMON_BLOCKS = YES;
				GCC_WARN_64_TO_32_BIT_CONVERSION = YES;
				GCC_WARN_ABOUT_RETURN_TYPE = YES_ERROR;
				GCC_WARN_UNDECLARED_SELECTOR = YES;
				GCC_WARN_UNINITIALIZED_AUTOS = YES_AGGRESSIVE;
				GCC_WARN_UNUSED_FUNCTION = YES;
				GCC_WARN_UNUSED_VARIABLE = YES;
				IPHONEOS_DEPLOYMENT_TARGET = 9.3;
				MTL_ENABLE_DEBUG_INFO = NO;
				SDKROOT = iphoneos;
				VALIDATE_PRODUCT = YES;
			};
			name = Release;
		};
		609B99831D6C4B2100659E1A /* Debug */ = {
			isa = XCBuildConfiguration;
			baseConfigurationReference = 409544594500AB4CEDF581FD /* Pods-PWHealthCat.debug.xcconfig */;
			buildSettings = {
				ASSETCATALOG_COMPILER_APPICON_NAME = AppIcon;
				INFOPLIST_FILE = PWHealthCat/Info.plist;
				LD_RUNPATH_SEARCH_PATHS = "$(inherited) @executable_path/Frameworks";
				PRODUCT_BUNDLE_IDENTIFIER = PW.PWHealthCat;
				PRODUCT_NAME = "$(TARGET_NAME)";
			};
			name = Debug;
		};
		609B99841D6C4B2100659E1A /* Release */ = {
			isa = XCBuildConfiguration;
			baseConfigurationReference = C50C32463EBC6DAB66F18E67 /* Pods-PWHealthCat.release.xcconfig */;
			buildSettings = {
				ASSETCATALOG_COMPILER_APPICON_NAME = AppIcon;
				INFOPLIST_FILE = PWHealthCat/Info.plist;
				LD_RUNPATH_SEARCH_PATHS = "$(inherited) @executable_path/Frameworks";
				PRODUCT_BUNDLE_IDENTIFIER = PW.PWHealthCat;
				PRODUCT_NAME = "$(TARGET_NAME)";
			};
			name = Release;
		};
		609B99861D6C4B2100659E1A /* Debug */ = {
			isa = XCBuildConfiguration;
			buildSettings = {
				BUNDLE_LOADER = "$(TEST_HOST)";
				INFOPLIST_FILE = PWHealthCatTests/Info.plist;
				LD_RUNPATH_SEARCH_PATHS = "$(inherited) @executable_path/Frameworks @loader_path/Frameworks";
				PRODUCT_BUNDLE_IDENTIFIER = PW.PWHealthCatTests;
				PRODUCT_NAME = "$(TARGET_NAME)";
				TEST_HOST = "$(BUILT_PRODUCTS_DIR)/PWHealthCat.app/PWHealthCat";
			};
			name = Debug;
		};
		609B99871D6C4B2100659E1A /* Release */ = {
			isa = XCBuildConfiguration;
			buildSettings = {
				BUNDLE_LOADER = "$(TEST_HOST)";
				INFOPLIST_FILE = PWHealthCatTests/Info.plist;
				LD_RUNPATH_SEARCH_PATHS = "$(inherited) @executable_path/Frameworks @loader_path/Frameworks";
				PRODUCT_BUNDLE_IDENTIFIER = PW.PWHealthCatTests;
				PRODUCT_NAME = "$(TARGET_NAME)";
				TEST_HOST = "$(BUILT_PRODUCTS_DIR)/PWHealthCat.app/PWHealthCat";
			};
			name = Release;
		};
		609B99891D6C4B2100659E1A /* Debug */ = {
			isa = XCBuildConfiguration;
			buildSettings = {
				INFOPLIST_FILE = PWHealthCatUITests/Info.plist;
				LD_RUNPATH_SEARCH_PATHS = "$(inherited) @executable_path/Frameworks @loader_path/Frameworks";
				PRODUCT_BUNDLE_IDENTIFIER = PW.PWHealthCatUITests;
				PRODUCT_NAME = "$(TARGET_NAME)";
				TEST_TARGET_NAME = PWHealthCat;
			};
			name = Debug;
		};
		609B998A1D6C4B2100659E1A /* Release */ = {
			isa = XCBuildConfiguration;
			buildSettings = {
				INFOPLIST_FILE = PWHealthCatUITests/Info.plist;
				LD_RUNPATH_SEARCH_PATHS = "$(inherited) @executable_path/Frameworks @loader_path/Frameworks";
				PRODUCT_BUNDLE_IDENTIFIER = PW.PWHealthCatUITests;
				PRODUCT_NAME = "$(TARGET_NAME)";
				TEST_TARGET_NAME = PWHealthCat;
			};
			name = Release;
		};
/* End XCBuildConfiguration section */

/* Begin XCConfigurationList section */
		609B99551D6C4B2000659E1A /* Build configuration list for PBXProject "PWHealthCat" */ = {
			isa = XCConfigurationList;
			buildConfigurations = (
				609B99801D6C4B2100659E1A /* Debug */,
				609B99811D6C4B2100659E1A /* Release */,
			);
			defaultConfigurationIsVisible = 0;
			defaultConfigurationName = Release;
		};
		609B99821D6C4B2100659E1A /* Build configuration list for PBXNativeTarget "PWHealthCat" */ = {
			isa = XCConfigurationList;
			buildConfigurations = (
				609B99831D6C4B2100659E1A /* Debug */,
				609B99841D6C4B2100659E1A /* Release */,
			);
			defaultConfigurationIsVisible = 0;
			defaultConfigurationName = Release;
		};
		609B99851D6C4B2100659E1A /* Build configuration list for PBXNativeTarget "PWHealthCatTests" */ = {
			isa = XCConfigurationList;
			buildConfigurations = (
				609B99861D6C4B2100659E1A /* Debug */,
				609B99871D6C4B2100659E1A /* Release */,
			);
			defaultConfigurationIsVisible = 0;
			defaultConfigurationName = Release;
		};
		609B99881D6C4B2100659E1A /* Build configuration list for PBXNativeTarget "PWHealthCatUITests" */ = {
			isa = XCConfigurationList;
			buildConfigurations = (
				609B99891D6C4B2100659E1A /* Debug */,
				609B998A1D6C4B2100659E1A /* Release */,
			);
			defaultConfigurationIsVisible = 0;
			defaultConfigurationName = Release;
		};
/* End XCConfigurationList section */
	};
	rootObject = 609B99521D6C4B2000659E1A /* Project object */;
}
